<?xml version="1.0" encoding="utf-8"?>
<Project ToolsVersion="4.0" xmlns="http://schemas.microsoft.com/developer/msbuild/2003">
  <ItemGroup>
    <Filter Include="Source Files">
      <UniqueIdentifier>{7f32a171-c71c-4ebc-8686-27e27445480b}</UniqueIdentifier>
      <Extensions>cpp;c;cxx;rc;def;r;odl;idl;hpj;bat</Extensions>
    </Filter>
    <Filter Include="Header Files">
      <UniqueIdentifier>{029f7d52-295f-4c0f-ad90-33492bc01511}</UniqueIdentifier>
      <Extensions>h;hpp;hxx;hm;inl</Extensions>
    </Filter>
    <Filter Include="Resource Files">
      <UniqueIdentifier>{106cb181-6092-4ae1-b1c6-f42707abda65}</UniqueIdentifier>
      <Extensions>ico;cur;bmp;dlg;rc2;rct;bin;rgs;gif;jpg;jpeg;jpe</Extensions>
    </Filter>
  </ItemGroup>
  <ItemGroup>
    <ClCompile Include="BookManage.cpp">
      <Filter>Source Files</Filter>
    </ClCompile>
    <ClCompile Include="BookManageDlg.cpp">
      <Filter>Source Files</Filter>
    </ClCompile>
    <ClCompile Include="Login.cpp">
      <Filter>Source Files</Filter>
    </ClCompile>
    <ClCompile Include="RefundDlg1.cpp">
      <Filter>Source Files</Filter>
    </ClCompile>
    <ClCompile Include="RefundDlg2.cpp">
      <Filter>Source Files</Filter>
    </ClCompile>
    <ClCompile Include="RefundManage.cpp">
      <Filter>Source Files</Filter>
    </ClCompile>
    <ClCompile Include="StdAfx.cpp">
      <Filter>Source Files</Filter>
    </ClCompile>
    <ClCompile Include="StockDlg1.cpp">
      <Filter>Source Files</Filter>
    </ClCompile>
    <ClCompile Include="StockDlg2.cpp">
      <Filter>Source Files</Filter>
    </ClCompile>
    <ClCompile Include="StockManage.cpp">
      <Filter>Source Files</Filter>
    </ClCompile>
    <ClCompile Include="VendDlg.cpp">
      <Filter>Source Files</Filter>
    </ClCompile>
    <ClCompile Include="VendManage.cpp">
      <Filter>Source Files</Filter>
    </ClCompile>
    <ClCompile Include="VendDlg1.cpp">
      <Filter>Source Files</Filter>
    </ClCompile>
    <ClCompile Include="DataDlg.cpp">
      <Filter>Source Files</Filter>
    </ClCompile>
    <ClCompile Include="DataDlg1.cpp">
      <Filter>Source Files</Filter>
    </ClCompile>
    <ClCompile Include="DataManage.cpp">
      <Filter>Source Files</Filter>
    </ClCompile>
    <ClCompile Include="VendDlg2.cpp">
      <Filter>Source Files</Filter>
    </ClCompile>
    <ClCompile Include="UserInfo.cpp">
      <Filter>Source Files</Filter>
    </ClCompile>
    <ClCompile Include="NewName.cpp">
      <Filter>Source Files</Filter>
    </ClCompile>
    <ClCompile Include="NewPass.cpp">
      <Filter>Source Files</Filter>
    </ClCompile>
    <ClCompile Include="NewUser.cpp">
      <Filter>Source Files</Filter>
    </ClCompile>
    <ClCompile Include="DataBaseBackUp.cpp">
      <Filter>Source Files</Filter>
    </ClCompile>
    <ClCompile Include="SaveData.cpp">
      <Filter>Source Files</Filter>
    </ClCompile>
    <ClCompile Include="RestoreData.cpp">
      <Filter>Source Files</Filter>
    </ClCompile>
  </ItemGroup>
  <ItemGroup>
    <ResourceCompile Include="BookManage.rc">
      <Filter>Source Files</Filter>
    </ResourceCompile>
  </ItemGroup>
  <ItemGroup>
    <ClInclude Include="BookManage.h">
      <Filter>Header Files</Filter>
    </ClInclude>
    <ClInclude Include="BookManageDlg.h">
      <Filter>Header Files</Filter>
    </ClInclude>
    <ClInclude Include="Login.h">
      <Filter>Header Files</Filter>
    </ClInclude>
    <ClInclude Include="RefundDlg1.h">
      <Filter>Header Files</Filter>
    </ClInclude>
    <ClInclude Include="RefundDlg2.h">
      <Filter>Header Files</Filter>
    </ClInclude>
    <ClInclude Include="RefundManage.h">
      <Filter>Header Files</Filter>
    </ClInclude>
    <ClInclude Include="Resource.h">
      <Filter>Header Files</Filter>
    </ClInclude>
    <ClInclude Include="StdAfx.h">
      <Filter>Header Files</Filter>
    </ClInclude>
    <ClInclude Include="StockDlg1.h">
      <Filter>Header Files</Filter>
    </ClInclude>
    <ClInclude Include="StockDlg2.h">
      <Filter>Header Files</Filter>
    </ClInclude>
    <ClInclude Include="StockManage.h">
      <Filter>Header Files</Filter>
    </ClInclude>
    <ClInclude Include="Structure.h">
      <Filter>Header Files</Filter>
    </ClInclude>
    <ClInclude Include="VendDlg.h">
      <Filter>Header Files</Filter>
    </ClInclude>
    <ClInclude Include="VendManage.h">
      <Filter>Header Files</Filter>
    </ClInclude>
    <ClInclude Include="VendDlg1.h">
      <Filter>Header Files</Filter>
    </ClInclude>
    <ClInclude Include="DataDlg.h">
      <Filter>Header Files</Filter>
    </ClInclude>
    <ClInclude Include="DataDlg1.h">
      <Filter>Header Files</Filter>
    </ClInclude>
    <ClInclude Include="DataManage.h">
      <Filter>Header Files</Filter>
    </ClInclude>
    <ClInclude Include="VendDlg2.h">
      <Filter>Header Files</Filter>
    </ClInclude>
    <ClInclude Include="UserInfo.h">
      <Filter>Header Files</Filter>
    </ClInclude>
    <ClInclude Include="NewName.h">
      <Filter>Header Files</Filter>
    </ClInclude>
    <ClInclude Include="NewPass.h">
      <Filter>Header Files</Filter>
    </ClInclude>
    <ClInclude Include="NewUser.h">
      <Filter>Header Files</Filter>
    </ClInclude>
    <ClInclude Include="DataBaseBackUp.h">
      <Filter>Header Files</Filter>
    </ClInclude>
    <ClInclude Include="SaveData.h">
      <Filter>Header Files</Filter>
    </ClInclude>
    <ClInclude Include="RestoreData.h">
      <Filter>Header Files</Filter>
    </ClInclude>
  </ItemGroup>
  <ItemGroup>
    <Image Include="res\BookManage.ico">
      <Filter>Resource Files</Filter>
    </Image>
    <Image Include="res\bitmap1.bmp">
      <Filter>Resource Files</Filter>
    </Image>
  </ItemGroup>
  <ItemGroup>
    <Text Include="ReadMe.txt" />
  </ItemGroup>
  <ItemGroup>
    <CustomBuild Include="res\BookManage.rc2">
      <Filter>Resource Files</Filter>
    </CustomBuild>
  </ItemGroup>
</Project>